<?xml version="1.0" encoding="utf-8"?>
<Project ToolsVersion="17.0" xmlns="http://schemas.microsoft.com/developer/msbuild/2003">
  <ItemGroup>
    <ClCompile Include="C:\Users\franz\Desktop\polyhedra_decomposition\main.cpp">
      <Filter>Source Files</Filter>
    </ClCompile>
    <ClCompile Include="C:\Users\franz\Desktop\polyhedra_decomposition\input.cpp">
      <Filter>Source Files</Filter>
    </ClCompile>
    <ClCompile Include="C:\Users\franz\Desktop\polyhedra_decomposition\visualization.cpp">
      <Filter>Source Files</Filter>
    </ClCompile>
    <ClCompile Include="C:\Users\franz\Desktop\polyhedra_decomposition\callback.cpp">
      <Filter>Source Files</Filter>
    </ClCompile>
    <ClCompile Include="C:\Users\franz\Desktop\polyhedra_decomposition\regularity_check.cpp">
      <Filter>Source Files</Filter>
    </ClCompile>
    <ClCompile Include="C:\Users\franz\Desktop\polyhedra_decomposition\candidates.cpp">
      <Filter>Source Files</Filter>
    </ClCompile>
    <ClCompile Include="C:\Users\franz\Desktop\polyhedra_decomposition\target_edges.cpp">
      <Filter>Source Files</Filter>
    </ClCompile>
  </ItemGroup>
  <ItemGroup>
    <CustomBuild Include="C:\Users\franz\Desktop\polyhedra_decomposition\CMakeLists.txt" />
  </ItemGroup>
  <ItemGroup>
    <Filter Include="Source Files">
      <UniqueIdentifier>{E33DC939-B259-302E-932C-9A1FD1F79A72}</UniqueIdentifier>
    </Filter>
  </ItemGroup>
</Project>
