
Microsoft Visual Studio Solution File, Format Version 12.00
# Visual Studio Version 17
Project("{2150E333-8FDC-42A3-9474-1A3956D46DE8}") = "CMakePredefinedTargets", "CMakePredefinedTargets", "{4B4FF839-EFCD-34BC-A571-E85B0C3EFFAE}"
EndProject
Project("{2150E333-8FDC-42A3-9474-1A3956D46DE8}") = "GLFW3", "GLFW3", "{A361414E-2A34-37BF-890F-37F935C238BA}"
EndProject
Project("{8BC9CEB8-8B4A-11D0-8D11-00A0C91BC942}") = "ALL_BUILD", "ALL_BUILD.vcxproj", "{D9C75D53-193B-3DF2-9385-D52E1DD8BD50}"
	ProjectSection(ProjectDependencies) = postProject
		{86E61014-4097-39A2-8621-F04DE55E2248} = {86E61014-4097-39A2-8621-F04DE55E2248}
		{9B8D6C96-0F42-3DA5-A981-9ED8CFCEE965} = {9B8D6C96-0F42-3DA5-A981-9ED8CFCEE965}
		{B6607E31-B00B-3737-B80F-FF28F606A6B3} = {B6607E31-B00B-3737-B80F-FF28F606A6B3}
		{B0F9358E-A8EE-3F97-9869-B6EEF1753B92} = {B0F9358E-A8EE-3F97-9869-B6EEF1753B92}
		{0F42B9CD-91A1-31BC-B116-7517C06BFE21} = {0F42B9CD-91A1-31BC-B116-7517C06BFE21}
		{B5730DA9-0546-358D-BDBF-570287F137A0} = {B5730DA9-0546-358D-BDBF-570287F137A0}
		{CCEA5DD8-2439-3EEF-8563-7DEF6F782E4A} = {CCEA5DD8-2439-3EEF-8563-7DEF6F782E4A}
		{55709114-271F-326C-A8B0-AFDA4C6E9F2F} = {55709114-271F-326C-A8B0-AFDA4C6E9F2F}
	EndProjectSection
EndProject
Project("{8BC9CEB8-8B4A-11D0-8D11-00A0C91BC942}") = "INSTALL", "INSTALL.vcxproj", "{6FF7D6AD-C2EC-31E7-90A9-03A1FACD4C7F}"
	ProjectSection(ProjectDependencies) = postProject
		{D9C75D53-193B-3DF2-9385-D52E1DD8BD50} = {D9C75D53-193B-3DF2-9385-D52E1DD8BD50}
		{86E61014-4097-39A2-8621-F04DE55E2248} = {86E61014-4097-39A2-8621-F04DE55E2248}
	EndProjectSection
EndProject
Project("{8BC9CEB8-8B4A-11D0-8D11-00A0C91BC942}") = "ZERO_CHECK", "ZERO_CHECK.vcxproj", "{86E61014-4097-39A2-8621-F04DE55E2248}"
	ProjectSection(ProjectDependencies) = postProject
	EndProjectSection
EndProject
Project("{8BC9CEB8-8B4A-11D0-8D11-00A0C91BC942}") = "glad", "_deps\polyscope-build\deps\glad\src\glad.vcxproj", "{9B8D6C96-0F42-3DA5-A981-9ED8CFCEE965}"
	ProjectSection(ProjectDependencies) = postProject
		{86E61014-4097-39A2-8621-F04DE55E2248} = {86E61014-4097-39A2-8621-F04DE55E2248}
	EndProjectSection
EndProject
Project("{8BC9CEB8-8B4A-11D0-8D11-00A0C91BC942}") = "glfw", "_deps\polyscope-build\deps\glfw\src\glfw.vcxproj", "{B6607E31-B00B-3737-B80F-FF28F606A6B3}"
	ProjectSection(ProjectDependencies) = postProject
		{86E61014-4097-39A2-8621-F04DE55E2248} = {86E61014-4097-39A2-8621-F04DE55E2248}
	EndProjectSection
EndProject
Project("{8BC9CEB8-8B4A-11D0-8D11-00A0C91BC942}") = "glm", "_deps\polyscope-build\deps\glm\glm\glm.vcxproj", "{B0F9358E-A8EE-3F97-9869-B6EEF1753B92}"
	ProjectSection(ProjectDependencies) = postProject
		{86E61014-4097-39A2-8621-F04DE55E2248} = {86E61014-4097-39A2-8621-F04DE55E2248}
	EndProjectSection
EndProject
Project("{8BC9CEB8-8B4A-11D0-8D11-00A0C91BC942}") = "imgui", "_deps\polyscope-build\deps\imgui\imgui.vcxproj", "{0F42B9CD-91A1-31BC-B116-7517C06BFE21}"
	ProjectSection(ProjectDependencies) = postProject
		{86E61014-4097-39A2-8621-F04DE55E2248} = {86E61014-4097-39A2-8621-F04DE55E2248}
		{9B8D6C96-0F42-3DA5-A981-9ED8CFCEE965} = {9B8D6C96-0F42-3DA5-A981-9ED8CFCEE965}
		{B6607E31-B00B-3737-B80F-FF28F606A6B3} = {B6607E31-B00B-3737-B80F-FF28F606A6B3}
	EndProjectSection
EndProject
Project("{8BC9CEB8-8B4A-11D0-8D11-00A0C91BC942}") = "main", "main.vcxproj", "{B5730DA9-0546-358D-BDBF-570287F137A0}"
	ProjectSection(ProjectDependencies) = postProject
		{86E61014-4097-39A2-8621-F04DE55E2248} = {86E61014-4097-39A2-8621-F04DE55E2248}
		{9B8D6C96-0F42-3DA5-A981-9ED8CFCEE965} = {9B8D6C96-0F42-3DA5-A981-9ED8CFCEE965}
		{B6607E31-B00B-3737-B80F-FF28F606A6B3} = {B6607E31-B00B-3737-B80F-FF28F606A6B3}
		{B0F9358E-A8EE-3F97-9869-B6EEF1753B92} = {B0F9358E-A8EE-3F97-9869-B6EEF1753B92}
		{0F42B9CD-91A1-31BC-B116-7517C06BFE21} = {0F42B9CD-91A1-31BC-B116-7517C06BFE21}
		{CCEA5DD8-2439-3EEF-8563-7DEF6F782E4A} = {CCEA5DD8-2439-3EEF-8563-7DEF6F782E4A}
		{55709114-271F-326C-A8B0-AFDA4C6E9F2F} = {55709114-271F-326C-A8B0-AFDA4C6E9F2F}
	EndProjectSection
EndProject
Project("{8BC9CEB8-8B4A-11D0-8D11-00A0C91BC942}") = "polyscope", "_deps\polyscope-build\src\polyscope.vcxproj", "{CCEA5DD8-2439-3EEF-8563-7DEF6F782E4A}"
	ProjectSection(ProjectDependencies) = postProject
		{86E61014-4097-39A2-8621-F04DE55E2248} = {86E61014-4097-39A2-8621-F04DE55E2248}
		{9B8D6C96-0F42-3DA5-A981-9ED8CFCEE965} = {9B8D6C96-0F42-3DA5-A981-9ED8CFCEE965}
		{B6607E31-B00B-3737-B80F-FF28F606A6B3} = {B6607E31-B00B-3737-B80F-FF28F606A6B3}
		{B0F9358E-A8EE-3F97-9869-B6EEF1753B92} = {B0F9358E-A8EE-3F97-9869-B6EEF1753B92}
		{0F42B9CD-91A1-31BC-B116-7517C06BFE21} = {0F42B9CD-91A1-31BC-B116-7517C06BFE21}
		{55709114-271F-326C-A8B0-AFDA4C6E9F2F} = {55709114-271F-326C-A8B0-AFDA4C6E9F2F}
	EndProjectSection
EndProject
Project("{8BC9CEB8-8B4A-11D0-8D11-00A0C91BC942}") = "stb", "_deps\polyscope-build\deps\stb\stb.vcxproj", "{55709114-271F-326C-A8B0-AFDA4C6E9F2F}"
	ProjectSection(ProjectDependencies) = postProject
		{86E61014-4097-39A2-8621-F04DE55E2248} = {86E61014-4097-39A2-8621-F04DE55E2248}
	EndProjectSection
EndProject
Project("{8BC9CEB8-8B4A-11D0-8D11-00A0C91BC942}") = "update_mappings", "_deps\polyscope-build\deps\glfw\src\update_mappings.vcxproj", "{148546A3-C2FE-36B4-B7A9-69C9AC41A0C4}"
	ProjectSection(ProjectDependencies) = postProject
		{86E61014-4097-39A2-8621-F04DE55E2248} = {86E61014-4097-39A2-8621-F04DE55E2248}
	EndProjectSection
EndProject
Global
	GlobalSection(SolutionConfigurationPlatforms) = preSolution
		Debug|x64 = Debug|x64
		Release|x64 = Release|x64
		MinSizeRel|x64 = MinSizeRel|x64
		RelWithDebInfo|x64 = RelWithDebInfo|x64
	EndGlobalSection
	GlobalSection(ProjectConfigurationPlatforms) = postSolution
		{D9C75D53-193B-3DF2-9385-D52E1DD8BD50}.Debug|x64.ActiveCfg = Debug|x64
		{D9C75D53-193B-3DF2-9385-D52E1DD8BD50}.Debug|x64.Build.0 = Debug|x64
		{D9C75D53-193B-3DF2-9385-D52E1DD8BD50}.Release|x64.ActiveCfg = Release|x64
		{D9C75D53-193B-3DF2-9385-D52E1DD8BD50}.Release|x64.Build.0 = Release|x64
		{D9C75D53-193B-3DF2-9385-D52E1DD8BD50}.MinSizeRel|x64.ActiveCfg = MinSizeRel|x64
		{D9C75D53-193B-3DF2-9385-D52E1DD8BD50}.MinSizeRel|x64.Build.0 = MinSizeRel|x64
		{D9C75D53-193B-3DF2-9385-D52E1DD8BD50}.RelWithDebInfo|x64.ActiveCfg = RelWithDebInfo|x64
		{D9C75D53-193B-3DF2-9385-D52E1DD8BD50}.RelWithDebInfo|x64.Build.0 = RelWithDebInfo|x64
		{6FF7D6AD-C2EC-31E7-90A9-03A1FACD4C7F}.Debug|x64.ActiveCfg = Debug|x64
		{6FF7D6AD-C2EC-31E7-90A9-03A1FACD4C7F}.Release|x64.ActiveCfg = Release|x64
		{6FF7D6AD-C2EC-31E7-90A9-03A1FACD4C7F}.MinSizeRel|x64.ActiveCfg = MinSizeRel|x64
		{6FF7D6AD-C2EC-31E7-90A9-03A1FACD4C7F}.RelWithDebInfo|x64.ActiveCfg = RelWithDebInfo|x64
		{86E61014-4097-39A2-8621-F04DE55E2248}.Debug|x64.ActiveCfg = Debug|x64
		{86E61014-4097-39A2-8621-F04DE55E2248}.Debug|x64.Build.0 = Debug|x64
		{86E61014-4097-39A2-8621-F04DE55E2248}.Release|x64.ActiveCfg = Release|x64
		{86E61014-4097-39A2-8621-F04DE55E2248}.Release|x64.Build.0 = Release|x64
		{86E61014-4097-39A2-8621-F04DE55E2248}.MinSizeRel|x64.ActiveCfg = MinSizeRel|x64
		{86E61014-4097-39A2-8621-F04DE55E2248}.MinSizeRel|x64.Build.0 = MinSizeRel|x64
		{86E61014-4097-39A2-8621-F04DE55E2248}.RelWithDebInfo|x64.ActiveCfg = RelWithDebInfo|x64
		{86E61014-4097-39A2-8621-F04DE55E2248}.RelWithDebInfo|x64.Build.0 = RelWithDebInfo|x64
		{9B8D6C96-0F42-3DA5-A981-9ED8CFCEE965}.Debug|x64.ActiveCfg = Debug|x64
		{9B8D6C96-0F42-3DA5-A981-9ED8CFCEE965}.Debug|x64.Build.0 = Debug|x64
		{9B8D6C96-0F42-3DA5-A981-9ED8CFCEE965}.Release|x64.ActiveCfg = Release|x64
		{9B8D6C96-0F42-3DA5-A981-9ED8CFCEE965}.Release|x64.Build.0 = Release|x64
		{9B8D6C96-0F42-3DA5-A981-9ED8CFCEE965}.MinSizeRel|x64.ActiveCfg = MinSizeRel|x64
		{9B8D6C96-0F42-3DA5-A981-9ED8CFCEE965}.MinSizeRel|x64.Build.0 = MinSizeRel|x64
		{9B8D6C96-0F42-3DA5-A981-9ED8CFCEE965}.RelWithDebInfo|x64.ActiveCfg = RelWithDebInfo|x64
		{9B8D6C96-0F42-3DA5-A981-9ED8CFCEE965}.RelWithDebInfo|x64.Build.0 = RelWithDebInfo|x64
		{B6607E31-B00B-3737-B80F-FF28F606A6B3}.Debug|x64.ActiveCfg = Debug|x64
		{B6607E31-B00B-3737-B80F-FF28F606A6B3}.Debug|x64.Build.0 = Debug|x64
		{B6607E31-B00B-3737-B80F-FF28F606A6B3}.Release|x64.ActiveCfg = Release|x64
		{B6607E31-B00B-3737-B80F-FF28F606A6B3}.Release|x64.Build.0 = Release|x64
		{B6607E31-B00B-3737-B80F-FF28F606A6B3}.MinSizeRel|x64.ActiveCfg = MinSizeRel|x64
		{B6607E31-B00B-3737-B80F-FF28F606A6B3}.MinSizeRel|x64.Build.0 = MinSizeRel|x64
		{B6607E31-B00B-3737-B80F-FF28F606A6B3}.RelWithDebInfo|x64.ActiveCfg = RelWithDebInfo|x64
		{B6607E31-B00B-3737-B80F-FF28F606A6B3}.RelWithDebInfo|x64.Build.0 = RelWithDebInfo|x64
		{B0F9358E-A8EE-3F97-9869-B6EEF1753B92}.Debug|x64.ActiveCfg = Debug|x64
		{B0F9358E-A8EE-3F97-9869-B6EEF1753B92}.Debug|x64.Build.0 = Debug|x64
		{B0F9358E-A8EE-3F97-9869-B6EEF1753B92}.Release|x64.ActiveCfg = Release|x64
		{B0F9358E-A8EE-3F97-9869-B6EEF1753B92}.Release|x64.Build.0 = Release|x64
		{B0F9358E-A8EE-3F97-9869-B6EEF1753B92}.MinSizeRel|x64.ActiveCfg = MinSizeRel|x64
		{B0F9358E-A8EE-3F97-9869-B6EEF1753B92}.MinSizeRel|x64.Build.0 = MinSizeRel|x64
		{B0F9358E-A8EE-3F97-9869-B6EEF1753B92}.RelWithDebInfo|x64.ActiveCfg = RelWithDebInfo|x64
		{B0F9358E-A8EE-3F97-9869-B6EEF1753B92}.RelWithDebInfo|x64.Build.0 = RelWithDebInfo|x64
		{0F42B9CD-91A1-31BC-B116-7517C06BFE21}.Debug|x64.ActiveCfg = Debug|x64
		{0F42B9CD-91A1-31BC-B116-7517C06BFE21}.Debug|x64.Build.0 = Debug|x64
		{0F42B9CD-91A1-31BC-B116-7517C06BFE21}.Release|x64.ActiveCfg = Release|x64
		{0F42B9CD-91A1-31BC-B116-7517C06BFE21}.Release|x64.Build.0 = Release|x64
		{0F42B9CD-91A1-31BC-B116-7517C06BFE21}.MinSizeRel|x64.ActiveCfg = MinSizeRel|x64
		{0F42B9CD-91A1-31BC-B116-7517C06BFE21}.MinSizeRel|x64.Build.0 = MinSizeRel|x64
		{0F42B9CD-91A1-31BC-B116-7517C06BFE21}.RelWithDebInfo|x64.ActiveCfg = RelWithDebInfo|x64
		{0F42B9CD-91A1-31BC-B116-7517C06BFE21}.RelWithDebInfo|x64.Build.0 = RelWithDebInfo|x64
		{B5730DA9-0546-358D-BDBF-570287F137A0}.Debug|x64.ActiveCfg = Debug|x64
		{B5730DA9-0546-358D-BDBF-570287F137A0}.Debug|x64.Build.0 = Debug|x64
		{B5730DA9-0546-358D-BDBF-570287F137A0}.Release|x64.ActiveCfg = Release|x64
		{B5730DA9-0546-358D-BDBF-570287F137A0}.Release|x64.Build.0 = Release|x64
		{B5730DA9-0546-358D-BDBF-570287F137A0}.MinSizeRel|x64.ActiveCfg = MinSizeRel|x64
		{B5730DA9-0546-358D-BDBF-570287F137A0}.MinSizeRel|x64.Build.0 = MinSizeRel|x64
		{B5730DA9-0546-358D-BDBF-570287F137A0}.RelWithDebInfo|x64.ActiveCfg = RelWithDebInfo|x64
		{B5730DA9-0546-358D-BDBF-570287F137A0}.RelWithDebInfo|x64.Build.0 = RelWithDebInfo|x64
		{CCEA5DD8-2439-3EEF-8563-7DEF6F782E4A}.Debug|x64.ActiveCfg = Debug|x64
		{CCEA5DD8-2439-3EEF-8563-7DEF6F782E4A}.Debug|x64.Build.0 = Debug|x64
		{CCEA5DD8-2439-3EEF-8563-7DEF6F782E4A}.Release|x64.ActiveCfg = Release|x64
		{CCEA5DD8-2439-3EEF-8563-7DEF6F782E4A}.Release|x64.Build.0 = Release|x64
		{CCEA5DD8-2439-3EEF-8563-7DEF6F782E4A}.MinSizeRel|x64.ActiveCfg = MinSizeRel|x64
		{CCEA5DD8-2439-3EEF-8563-7DEF6F782E4A}.MinSizeRel|x64.Build.0 = MinSizeRel|x64
		{CCEA5DD8-2439-3EEF-8563-7DEF6F782E4A}.RelWithDebInfo|x64.ActiveCfg = RelWithDebInfo|x64
		{CCEA5DD8-2439-3EEF-8563-7DEF6F782E4A}.RelWithDebInfo|x64.Build.0 = RelWithDebInfo|x64
		{55709114-271F-326C-A8B0-AFDA4C6E9F2F}.Debug|x64.ActiveCfg = Debug|x64
		{55709114-271F-326C-A8B0-AFDA4C6E9F2F}.Debug|x64.Build.0 = Debug|x64
		{55709114-271F-326C-A8B0-AFDA4C6E9F2F}.Release|x64.ActiveCfg = Release|x64
		{55709114-271F-326C-A8B0-AFDA4C6E9F2F}.Release|x64.Build.0 = Release|x64
		{55709114-271F-326C-A8B0-AFDA4C6E9F2F}.MinSizeRel|x64.ActiveCfg = MinSizeRel|x64
		{55709114-271F-326C-A8B0-AFDA4C6E9F2F}.MinSizeRel|x64.Build.0 = MinSizeRel|x64
		{55709114-271F-326C-A8B0-AFDA4C6E9F2F}.RelWithDebInfo|x64.ActiveCfg = RelWithDebInfo|x64
		{55709114-271F-326C-A8B0-AFDA4C6E9F2F}.RelWithDebInfo|x64.Build.0 = RelWithDebInfo|x64
		{148546A3-C2FE-36B4-B7A9-69C9AC41A0C4}.Debug|x64.ActiveCfg = Debug|x64
		{148546A3-C2FE-36B4-B7A9-69C9AC41A0C4}.Release|x64.ActiveCfg = Release|x64
		{148546A3-C2FE-36B4-B7A9-69C9AC41A0C4}.MinSizeRel|x64.ActiveCfg = MinSizeRel|x64
		{148546A3-C2FE-36B4-B7A9-69C9AC41A0C4}.RelWithDebInfo|x64.ActiveCfg = RelWithDebInfo|x64
	EndGlobalSection
	GlobalSection(NestedProjects) = preSolution
		{D9C75D53-193B-3DF2-9385-D52E1DD8BD50} = {4B4FF839-EFCD-34BC-A571-E85B0C3EFFAE}
		{6FF7D6AD-C2EC-31E7-90A9-03A1FACD4C7F} = {4B4FF839-EFCD-34BC-A571-E85B0C3EFFAE}
		{86E61014-4097-39A2-8621-F04DE55E2248} = {4B4FF839-EFCD-34BC-A571-E85B0C3EFFAE}
		{B6607E31-B00B-3737-B80F-FF28F606A6B3} = {A361414E-2A34-37BF-890F-37F935C238BA}
		{148546A3-C2FE-36B4-B7A9-69C9AC41A0C4} = {A361414E-2A34-37BF-890F-37F935C238BA}
	EndGlobalSection
	GlobalSection(ExtensibilityGlobals) = postSolution
		SolutionGuid = {8DA81491-B66C-3BE0-A79E-730368850882}
	EndGlobalSection
	GlobalSection(ExtensibilityAddIns) = postSolution
	EndGlobalSection
EndGlobal
